// !$*UTF8*$!
{
	archiveVersion = 1;
	classes = {
	};
	objectVersion = 46;
	objects = {

/* Begin PBXBuildFile section */
		C951737E19529DF200C44268 /* Foundation.framework in Frameworks */ = {isa = PBXBuildFile; fileRef = C951737D19529DF200C44268 /* Foundation.framework */; };
		C951738019529DF200C44268 /* CoreGraphics.framework in Frameworks */ = {isa = PBXBuildFile; fileRef = C951737F19529DF200C44268 /* CoreGraphics.framework */; };
		C951738219529DF200C44268 /* UIKit.framework in Frameworks */ = {isa = PBXBuildFile; fileRef = C951738119529DF200C44268 /* UIKit.framework */; };
		C951738819529DF200C44268 /* InfoPlist.strings in Resources */ = {isa = PBXBuildFile; fileRef = C951738619529DF200C44268 /* InfoPlist.strings */; };
		C951738A19529DF200C44268 /* main.m in Sources */ = {isa = PBXBuildFile; fileRef = C951738919529DF200C44268 /* main.m */; };
		C951738E19529DF200C44268 /* AppDelegate.m in Sources */ = {isa = PBXBuildFile; fileRef = C951738D19529DF200C44268 /* AppDelegate.m */; };
		C951739019529DF200C44268 /* Images.xcassets in Resources */ = {isa = PBXBuildFile; fileRef = C951738F19529DF200C44268 /* Images.xcassets */; };
		C951739719529DF300C44268 /* XCTest.framework in Frameworks */ = {isa = PBXBuildFile; fileRef = C951739619529DF300C44268 /* XCTest.framework */; };
		C951739819529DF300C44268 /* Foundation.framework in Frameworks */ = {isa = PBXBuildFile; fileRef = C951737D19529DF200C44268 /* Foundation.framework */; };
		C951739919529DF300C44268 /* UIKit.framework in Frameworks */ = {isa = PBXBuildFile; fileRef = C951738119529DF200C44268 /* UIKit.framework */; };
		C95173A119529DF300C44268 /* InfoPlist.strings in Resources */ = {isa = PBXBuildFile; fileRef = C951739F19529DF300C44268 /* InfoPlist.strings */; };
		C95173A319529DF300C44268 /* PaperTests.m in Sources */ = {isa = PBXBuildFile; fileRef = C95173A219529DF300C44268 /* PaperTests.m */; };
/* End PBXBuildFile section */

/* Begin PBXContainerItemProxy section */
		C951739A19529DF300C44268 /* PBXContainerItemProxy */ = {
			isa = PBXContainerItemProxy;
			containerPortal = C951737219529DF200C44268 /* Project object */;
			proxyType = 1;
			remoteGlobalIDString = C951737919529DF200C44268;
			remoteInfo = Paper;
		};
/* End PBXContainerItemProxy section */

/* Begin PBXFileReference section */
		C951737A19529DF200C44268 /* Paper.app */ = {isa = PBXFileReference; explicitFileType = wrapper.application; includeInIndex = 0; path = Paper.app; sourceTree = BUILT_PRODUCTS_DIR; };
		C951737D19529DF200C44268 /* Foundation.framework */ = {isa = PBXFileReference; lastKnownFileType = wrapper.framework; name = Foundation.framework; path = System/Library/Frameworks/Foundation.framework; sourceTree = SDKROOT; };
		C951737F19529DF200C44268 /* CoreGraphics.framework */ = {isa = PBXFileReference; lastKnownFileType = wrapper.framework; name = CoreGraphics.framework; path = System/Library/Frameworks/CoreGraphics.framework; sourceTree = SDKROOT; };
		C951738119529DF200C44268 /* UIKit.framework */ = {isa = PBXFileReference; lastKnownFileType = wrapper.framework; name = UIKit.framework; path = System/Library/Frameworks/UIKit.framework; sourceTree = SDKROOT; };
		C951738519529DF200C44268 /* Paper-Info.plist */ = {isa = PBXFileReference; lastKnownFileType = text.plist.xml; path = "Paper-Info.plist"; sourceTree = "<group>"; };
		C951738719529DF200C44268 /* en */ = {isa = PBXFileReference; lastKnownFileType = text.plist.strings; name = en; path = en.lproj/InfoPlist.strings; sourceTree = "<group>"; };
		C951738919529DF200C44268 /* main.m */ = {isa = PBXFileReference; lastKnownFileType = sourcecode.c.objc; path = main.m; sourceTree = "<group>"; };
		C951738B19529DF200C44268 /* Paper-Prefix.pch */ = {isa = PBXFileReference; lastKnownFileType = sourcecode.c.h; path = "Paper-Prefix.pch"; sourceTree = "<group>"; };
		C951738C19529DF200C44268 /* AppDelegate.h */ = {isa = PBXFileReference; lastKnownFileType = sourcecode.c.h; path = AppDelegate.h; sourceTree = "<group>"; };
		C951738D19529DF200C44268 /* AppDelegate.m */ = {isa = PBXFileReference; lastKnownFileType = sourcecode.c.objc; path = AppDelegate.m; sourceTree = "<group>"; };
		C951738F19529DF200C44268 /* Images.xcassets */ = {isa = PBXFileReference; lastKnownFileType = folder.assetcatalog; path = Images.xcassets; sourceTree = "<group>"; };
		C951739519529DF300C44268 /* PaperTests.xctest */ = {isa = PBXFileReference; explicitFileType = wrapper.cfbundle; includeInIndex = 0; path = PaperTests.xctest; sourceTree = BUILT_PRODUCTS_DIR; };
		C951739619529DF300C44268 /* XCTest.framework */ = {isa = PBXFileReference; lastKnownFileType = wrapper.framework; name = XCTest.framework; path = Library/Frameworks/XCTest.framework; sourceTree = DEVELOPER_DIR; };
		C951739E19529DF300C44268 /* PaperTests-Info.plist */ = {isa = PBXFileReference; lastKnownFileType = text.plist.xml; path = "PaperTests-Info.plist"; sourceTree = "<group>"; };
		C95173A019529DF300C44268 /* en */ = {isa = PBXFileReference; lastKnownFileType = text.plist.strings; name = en; path = en.lproj/InfoPlist.strings; sourceTree = "<group>"; };
		C95173A219529DF300C44268 /* PaperTests.m */ = {isa = PBXFileReference; lastKnownFileType = sourcecode.c.objc; path = PaperTests.m; sourceTree = "<group>"; };
/* End PBXFileReference section */

/* Begin PBXFrameworksBuildPhase section */
		C951737719529DF200C44268 /* Frameworks */ = {
			isa = PBXFrameworksBuildPhase;
			buildActionMask = 2147483647;
			files = (
				C951738019529DF200C44268 /* CoreGraphics.framework in Frameworks */,
				C951738219529DF200C44268 /* UIKit.framework in Frameworks */,
				C951737E19529DF200C44268 /* Foundation.framework in Frameworks */,
			);
			runOnlyForDeploymentPostprocessing = 0;
		};
		C951739219529DF300C44268 /* Frameworks */ = {
			isa = PBXFrameworksBuildPhase;
			buildActionMask = 2147483647;
			files = (
				C951739719529DF300C44268 /* XCTest.framework in Frameworks */,
				C951739919529DF300C44268 /* UIKit.framework in Frameworks */,
				C951739819529DF300C44268 /* Foundation.framework in Frameworks */,
			);
			runOnlyForDeploymentPostprocessing = 0;
		};
/* End PBXFrameworksBuildPhase section */

/* Begin PBXGroup section */
		C951737119529DF200C44268 = {
			isa = PBXGroup;
			children = (
				C951738319529DF200C44268 /* Paper */,
				C951739C19529DF300C44268 /* PaperTests */,
				C951737C19529DF200C44268 /* Frameworks */,
				C951737B19529DF200C44268 /* Products */,
			);
			sourceTree = "<group>";
		};
		C951737B19529DF200C44268 /* Products */ = {
			isa = PBXGroup;
			children = (
				C951737A19529DF200C44268 /* Paper.app */,
				C951739519529DF300C44268 /* PaperTests.xctest */,
			);
			name = Products;
			sourceTree = "<group>";
		};
		C951737C19529DF200C44268 /* Frameworks */ = {
			isa = PBXGroup;
			children = (
				C951737D19529DF200C44268 /* Foundation.framework */,
				C951737F19529DF200C44268 /* CoreGraphics.framework */,
				C951738119529DF200C44268 /* UIKit.framework */,
				C951739619529DF300C44268 /* XCTest.framework */,
			);
			name = Frameworks;
			sourceTree = "<group>";
		};
		C951738319529DF200C44268 /* Paper */ = {
			isa = PBXGroup;
			children = (
				C951738C19529DF200C44268 /* AppDelegate.h */,
				C951738D19529DF200C44268 /* AppDelegate.m */,
				C951738F19529DF200C44268 /* Images.xcassets */,
				C951738419529DF200C44268 /* Supporting Files */,
			);
			path = Paper;
			sourceTree = "<group>";
		};
		C951738419529DF200C44268 /* Supporting Files */ = {
			isa = PBXGroup;
			children = (
				C951738519529DF200C44268 /* Paper-Info.plist */,
				C951738619529DF200C44268 /* InfoPlist.strings */,
				C951738919529DF200C44268 /* main.m */,
				C951738B19529DF200C44268 /* Paper-Prefix.pch */,
			);
			name = "Supporting Files";
			sourceTree = "<group>";
		};
		C951739C19529DF300C44268 /* PaperTests */ = {
			isa = PBXGroup;
			children = (
				C95173A219529DF300C44268 /* PaperTests.m */,
				C951739D19529DF300C44268 /* Supporting Files */,
			);
			path = PaperTests;
			sourceTree = "<group>";
		};
		C951739D19529DF300C44268 /* Supporting Files */ = {
			isa = PBXGroup;
			children = (
				C951739E19529DF300C44268 /* PaperTests-Info.plist */,
				C951739F19529DF300C44268 /* InfoPlist.strings */,
			);
			name = "Supporting Files";
			sourceTree = "<group>";
		};
/* End PBXGroup section */

/* Begin PBXNativeTarget section */
		C951737919529DF200C44268 /* Paper */ = {
			isa = PBXNativeTarget;
			buildConfigurationList = C95173A619529DF300C44268 /* Build configuration list for PBXNativeTarget "Paper" */;
			buildPhases = (
				C951737619529DF200C44268 /* Sources */,
				C951737719529DF200C44268 /* Frameworks */,
				C951737819529DF200C44268 /* Resources */,
			);
			buildRules = (
			);
			dependencies = (
			);
			name = Paper;
			productName = Paper;
			productReference = C951737A19529DF200C44268 /* Paper.app */;
			productType = "com.apple.product-type.application";
		};
		C951739419529DF300C44268 /* PaperTests */ = {
			isa = PBXNativeTarget;
			buildConfigurationList = C95173A919529DF300C44268 /* Build configuration list for PBXNativeTarget "PaperTests" */;
			buildPhases = (
				C951739119529DF300C44268 /* Sources */,
				C951739219529DF300C44268 /* Frameworks */,
				C951739319529DF300C44268 /* Resources */,
			);
			buildRules = (
			);
			dependencies = (
				C951739B19529DF300C44268 /* PBXTargetDependency */,
			);
			name = PaperTests;
			productName = PaperTests;
			productReference = C951739519529DF300C44268 /* PaperTests.xctest */;
			productType = "com.apple.product-type.bundle.unit-test";
		};
/* End PBXNativeTarget section */

/* Begin PBXProject section */
		C951737219529DF200C44268 /* Project object */ = {
			isa = PBXProject;
			attributes = {
				LastUpgradeCheck = 0510;
				ORGANIZATIONNAME = "Matt Mitchell";
				TargetAttributes = {
					C951739419529DF300C44268 = {
						TestTargetID = C951737919529DF200C44268;
					};
				};
			};
			buildConfigurationList = C951737519529DF200C44268 /* Build configuration list for PBXProject "Paper" */;
			compatibilityVersion = "Xcode 3.2";
			developmentRegion = English;
			hasScannedForEncodings = 0;
			knownRegions = (
				en,
			);
			mainGroup = C951737119529DF200C44268;
			productRefGroup = C951737B19529DF200C44268 /* Products */;
			projectDirPath = "";
			projectRoot = "";
			targets = (
				C951737919529DF200C44268 /* Paper */,
				C951739419529DF300C44268 /* PaperTests */,
			);
		};
/* End PBXProject section */

/* Begin PBXResourcesBuildPhase section */
		C951737819529DF200C44268 /* Resources */ = {
			isa = PBXResourcesBuildPhase;
			buildActionMask = 2147483647;
			files = (
				C951738819529DF200C44268 /* InfoPlist.strings in Resources */,
				C951739019529DF200C44268 /* Images.xcassets in Resources */,
			);
			runOnlyForDeploymentPostprocessing = 0;
		};
		C951739319529DF300C44268 /* Resources */ = {
			isa = PBXResourcesBuildPhase;
			buildActionMask = 2147483647;
			files = (
				C95173A119529DF300C44268 /* InfoPlist.strings in Resources */,
			);
			runOnlyForDeploymentPostprocessing = 0;
		};
/* End PBXResourcesBuildPhase section */

/* Begin PBXSourcesBuildPhase section */
		C951737619529DF200C44268 /* Sources */ = {
			isa = PBXSourcesBuildPhase;
			buildActionMask = 2147483647;
			files = (
				C951738E19529DF200C44268 /* AppDelegate.m in Sources */,
				C951738A19529DF200C44268 /* main.m in Sources */,
			);
			runOnlyForDeploymentPostprocessing = 0;
		};
		C951739119529DF300C44268 /* Sources */ = {
			isa = PBXSourcesBuildPhase;
			buildActionMask = 2147483647;
			files = (
				C95173A319529DF300C44268 /* PaperTests.m in Sources */,
			);
			runOnlyForDeploymentPostprocessing = 0;
		};
/* End PBXSourcesBuildPhase section */

/* Begin PBXTargetDependency section */
		C951739B19529DF300C44268 /* PBXTargetDependency */ = {
			isa = PBXTargetDependency;
			target = C951737919529DF200C44268 /* Paper */;
			targetProxy = C951739A19529DF300C44268 /* PBXContainerItemProxy */;
		};
/* End PBXTargetDependency section */

/* Begin PBXVariantGroup section */
		C951738619529DF200C44268 /* InfoPlist.strings */ = {
			isa = PBXVariantGroup;
			children = (
				C951738719529DF200C44268 /* en */,
			);
			name = InfoPlist.strings;
			sourceTree = "<group>";
		};
		C951739F19529DF300C44268 /* InfoPlist.strings */ = {
			isa = PBXVariantGroup;
			children = (
				C95173A019529DF300C44268 /* en */,
			);
			name = InfoPlist.strings;
			sourceTree = "<group>";
		};
/* End PBXVariantGroup section */

/* Begin XCBuildConfiguration section */
		C95173A419529DF300C44268 /* Debug */ = {
			isa = XCBuildConfiguration;
			buildSettings = {
				ALWAYS_SEARCH_USER_PATHS = NO;
				CLANG_CXX_LANGUAGE_STANDARD = "gnu++0x";
				CLANG_CXX_LIBRARY = "libc++";
				CLANG_ENABLE_MODULES = YES;
				CLANG_ENABLE_OBJC_ARC = YES;
				CLANG_WARN_BOOL_CONVERSION = YES;
				CLANG_WARN_CONSTANT_CONVERSION = YES;
				CLANG_WARN_DIRECT_OBJC_ISA_USAGE = YES_ERROR;
				CLANG_WARN_EMPTY_BODY = YES;
				CLANG_WARN_ENUM_CONVERSION = YES;
				CLANG_WARN_INT_CONVERSION = YES;
				CLANG_WARN_OBJC_ROOT_CLASS = YES_ERROR;
				CLANG_WARN__DUPLICATE_METHOD_MATCH = YES;
				"CODE_SIGN_IDENTITY[sdk=iphoneos*]" = "iPhone Developer";
				COPY_PHASE_STRIP = NO;
				GCC_C_LANGUAGE_STANDARD = gnu99;
				GCC_DYNAMIC_NO_PIC = NO;
				GCC_OPTIMIZATION_LEVEL = 0;
				GCC_PREPROCESSOR_DEFINITIONS = (
					"DEBUG=1",
					"$(inherited)",
				);
				GCC_SYMBOLS_PRIVATE_EXTERN = NO;
				GCC_WARN_64_TO_32_BIT_CONVERSION = YES;
				GCC_WARN_ABOUT_RETURN_TYPE = YES_ERROR;
				GCC_WARN_UNDECLARED_SELECTOR = YES;
				GCC_WARN_UNINITIALIZED_AUTOS = YES_AGGRESSIVE;
				GCC_WARN_UNUSED_FUNCTION = YES;
				GCC_WARN_UNUSED_VARIABLE = YES;
				IPHONEOS_DEPLOYMENT_TARGET = 7.1;
				ONLY_ACTIVE_ARCH = YES;
				SDKROOT = iphoneos;
			};
			name = Debug;
		};
		C95173A519529DF300C44268 /* Release */ = {
			isa = XCBuildConfiguration;
			buildSettings = {
				ALWAYS_SEARCH_USER_PATHS = NO;
				CLANG_CXX_LANGUAGE_STANDARD = "gnu++0x";
				CLANG_CXX_LIBRARY = "libc++";
				CLANG_ENABLE_MODULES = YES;
				CLANG_ENABLE_OBJC_ARC = YES;
				CLANG_WARN_BOOL_CONVERSION = YES;
				CLANG_WARN_CONSTANT_CONVERSION = YES;
				CLANG_WARN_DIRECT_OBJC_ISA_USAGE = YES_ERROR;
				CLANG_WARN_EMPTY_BODY = YES;
				CLANG_WARN_ENUM_CONVERSION = YES;
				CLANG_WARN_INT_CONVERSION = YES;
				CLANG_WARN_OBJC_ROOT_CLASS = YES_ERROR;
				CLANG_WARN__DUPLICATE_METHOD_MATCH = YES;
				"CODE_SIGN_IDENTITY[sdk=iphoneos*]" = "iPhone Developer";
				COPY_PHASE_STRIP = YES;
				ENABLE_NS_ASSERTIONS = NO;
				GCC_C_LANGUAGE_STANDARD = gnu99;
				GCC_WARN_64_TO_32_BIT_CONVERSION = YES;
				GCC_WARN_ABOUT_RETURN_TYPE = YES_ERROR;
				GCC_WARN_UNDECLARED_SELECTOR = YES;
				GCC_WARN_UNINITIALIZED_AUTOS = YES_AGGRESSIVE;
				GCC_WARN_UNUSED_FUNCTION = YES;
				GCC_WARN_UNUSED_VARIABLE = YES;
				IPHONEOS_DEPLOYMENT_TARGET = 7.1;
				SDKROOT = iphoneos;
				VALIDATE_PRODUCT = YES;
			};
			name = Release;
		};
		C95173A719529DF300C44268 /* Debug */ = {
			isa = XCBuildConfiguration;
			buildSettings = {
				ASSETCATALOG_COMPILER_APPICON_NAME = AppIcon;
				ASSETCATALOG_COMPILER_LAUNCHIMAGE_NAME = LaunchImage;
				GCC_PRECOMPILE_PREFIX_HEADER = YES;
				GCC_PREFIX_HEADER = "Paper/Paper-Prefix.pch";
				INFOPLIST_FILE = "Paper/Paper-Info.plist";
				PRODUCT_NAME = "$(TARGET_NAME)";
				WRAPPER_EXTENSION = app;
			};
			name = Debug;
		};
		C95173A819529DF300C44268 /* Release */ = {
			isa = XCBuildConfiguration;
			buildSettings = {
				ASSETCATALOG_COMPILER_APPICON_NAME = AppIcon;
				ASSETCATALOG_COMPILER_LAUNCHIMAGE_NAME = LaunchImage;
				GCC_PRECOMPILE_PREFIX_HEADER = YES;
				GCC_PREFIX_HEADER = "Paper/Paper-Prefix.pch";
				INFOPLIST_FILE = "Paper/Paper-Info.plist";
				PRODUCT_NAME = "$(TARGET_NAME)";
				WRAPPER_EXTENSION = app;
			};
			name = Release;
		};
		C95173AA19529DF300C44268 /* Debug */ = {
			isa = XCBuildConfiguration;
			buildSettings = {
				BUNDLE_LOADER = "$(BUILT_PRODUCTS_DIR)/Paper.app/Paper";
				FRAMEWORK_SEARCH_PATHS = (
					"$(SDKROOT)/Developer/Library/Frameworks",
					"$(inherited)",
					"$(DEVELOPER_FRAMEWORKS_DIR)",
				);
				GCC_PRECOMPILE_PREFIX_HEADER = YES;
				GCC_PREFIX_HEADER = "Paper/Paper-Prefix.pch";
				GCC_PREPROCESSOR_DEFINITIONS = (
					"DEBUG=1",
					"$(inherited)",
				);
				INFOPLIST_FILE = "PaperTests/PaperTests-Info.plist";
				PRODUCT_NAME = "$(TARGET_NAME)";
				TEST_HOST = "$(BUNDLE_LOADER)";
				WRAPPER_EXTENSION = xctest;
			};
			name = Debug;
		};
		C95173AB19529DF300C44268 /* Release */ = {
			isa = XCBuildConfiguration;
			buildSettings = {
				BUNDLE_LOADER = "$(BUILT_PRODUCTS_DIR)/Paper.app/Paper";
				FRAMEWORK_SEARCH_PATHS = (
					"$(SDKROOT)/Developer/Library/Frameworks",
					"$(inherited)",
					"$(DEVELOPER_FRAMEWORKS_DIR)",
				);
				GCC_PRECOMPILE_PREFIX_HEADER = YES;
				GCC_PREFIX_HEADER = "Paper/Paper-Prefix.pch";
				INFOPLIST_FILE = "PaperTests/PaperTests-Info.plist";
				PRODUCT_NAME = "$(TARGET_NAME)";
				TEST_HOST = "$(BUNDLE_LOADER)";
				WRAPPER_EXTENSION = xctest;
			};
			name = Release;
		};
/* End XCBuildConfiguration section */

/* Begin XCConfigurationList section */
		C951737519529DF200C44268 /* Build configuration list for PBXProject "Paper" */ = {
			isa = XCConfigurationList;
			buildConfigurations = (
				C95173A419529DF300C44268 /* Debug */,
				C95173A519529DF300C44268 /* Release */,
			);
			defaultConfigurationIsVisible = 0;
			defaultConfigurationName = Release;
		};
		C95173A619529DF300C44268 /* Build configuration list for PBXNativeTarget "Paper" */ = {
			isa = XCConfigurationList;
			buildConfigurations = (
				C95173A719529DF300C44268 /* Debug */,
				C95173A819529DF300C44268 /* Release */,
			);
			defaultConfigurationIsVisible = 0;
		};
		C95173A919529DF300C44268 /* Build configuration list for PBXNativeTarget "PaperTests" */ = {
			isa = XCConfigurationList;
			buildConfigurations = (
				C95173AA19529DF300C44268 /* Debug */,
				C95173AB19529DF300C44268 /* Release */,
			);
			defaultConfigurationIsVisible = 0;
		};
/* End XCConfigurationList section */
	};
	rootObject = C951737219529DF200C44268 /* Project object */;
}
